{
    "imagine/imagine": {
        "version": "1.2.3"
    },
    "php": {
        "version": "7.4"
    },
    "symfony/notifier": {
        "version": "5.0",
        "recipe": {
            "repo": "github.com/symfony/recipes",
            "branch": "master",
            "version": "5.0",
            "ref": "c31585e252b32fe0e1f30b1f256af553f4a06eb9"
        },
        "files": [
            "config/packages/notifier.yaml"
        ]
    },
    "twig/string-extra": {
        "version": "v3.0.3"
    }
}
